// !$*UTF8*$!
{
	archiveVersion = 1;
	classes = {
	};
	objectVersion = 56;
	objects = {

/* Begin PBXBuildFile section */
		CF8F075D29C0304F003E89F0 /* MoviesViewController.swift in Sources */ = {isa = PBXBuildFile; fileRef = CF8F075C29C0304F003E89F0 /* MoviesViewController.swift */; };
		CF8F075F29C03232003E89F0 /* Poster.swift in Sources */ = {isa = PBXBuildFile; fileRef = CF8F075E29C03232003E89F0 /* Poster.swift */; };
		CF8F076129C0385F003E89F0 /* PosterCell.swift in Sources */ = {isa = PBXBuildFile; fileRef = CF8F076029C0385F003E89F0 /* PosterCell.swift */; };
		CF9A285A29B5409A0042029A /* AppDelegate.swift in Sources */ = {isa = PBXBuildFile; fileRef = CF9A285929B5409A0042029A /* AppDelegate.swift */; };
		CF9A285C29B5409A0042029A /* SceneDelegate.swift in Sources */ = {isa = PBXBuildFile; fileRef = CF9A285B29B5409A0042029A /* SceneDelegate.swift */; };
		CF9A286129B5409A0042029A /* Main.storyboard in Resources */ = {isa = PBXBuildFile; fileRef = CF9A285F29B5409A0042029A /* Main.storyboard */; };
		CF9A286329B5409B0042029A /* Assets.xcassets in Resources */ = {isa = PBXBuildFile; fileRef = CF9A286229B5409B0042029A /* Assets.xcassets */; };
		CF9A286629B5409B0042029A /* LaunchScreen.storyboard in Resources */ = {isa = PBXBuildFile; fileRef = CF9A286429B5409B0042029A /* LaunchScreen.storyboard */; };
		CF9A286F29B540E90042029A /* Movie.swift in Sources */ = {isa = PBXBuildFile; fileRef = CF9A286E29B540E90042029A /* Movie.swift */; };
		CF9A287129B54D910042029A /* MovieViewController.swift in Sources */ = {isa = PBXBuildFile; fileRef = CF9A287029B54D910042029A /* MovieViewController.swift */; };
		CF9A287C29B555A80042029A /* ViewController.swift in Sources */ = {isa = PBXBuildFile; fileRef = CF9A287B29B555A80042029A /* ViewController.swift */; };
		CF9A288329B58E5F0042029A /* Nuke in Frameworks */ = {isa = PBXBuildFile; productRef = CF9A288229B58E5F0042029A /* Nuke */; };
		CF9A288529B59CA00042029A /* MovieCell.swift in Sources */ = {isa = PBXBuildFile; fileRef = CF9A288429B59CA00042029A /* MovieCell.swift */; };
/* End PBXBuildFile section */

/* Begin PBXFileReference section */
		CF8F075C29C0304F003E89F0 /* MoviesViewController.swift */ = {isa = PBXFileReference; lastKnownFileType = sourcecode.swift; path = MoviesViewController.swift; sourceTree = "<group>"; };
		CF8F075E29C03232003E89F0 /* Poster.swift */ = {isa = PBXFileReference; lastKnownFileType = sourcecode.swift; path = Poster.swift; sourceTree = "<group>"; };
		CF8F076029C0385F003E89F0 /* PosterCell.swift */ = {isa = PBXFileReference; lastKnownFileType = sourcecode.swift; path = PosterCell.swift; sourceTree = "<group>"; };
		CF9A285929B5409A0042029A /* AppDelegate.swift */ = {isa = PBXFileReference; lastKnownFileType = sourcecode.swift; path = AppDelegate.swift; sourceTree = "<group>"; };
		CF9A285B29B5409A0042029A /* SceneDelegate.swift */ = {isa = PBXFileReference; lastKnownFileType = sourcecode.swift; path = SceneDelegate.swift; sourceTree = "<group>"; };
		CF9A286029B5409A0042029A /* Base */ = {isa = PBXFileReference; lastKnownFileType = file.storyboard; name = Base; path = Base.lproj/Main.storyboard; sourceTree = "<group>"; };
		CF9A286229B5409B0042029A /* Assets.xcassets */ = {isa = PBXFileReference; lastKnownFileType = folder.assetcatalog; path = Assets.xcassets; sourceTree = "<group>"; };
		CF9A286529B5409B0042029A /* Base */ = {isa = PBXFileReference; lastKnownFileType = file.storyboard; name = Base; path = Base.lproj/LaunchScreen.storyboard; sourceTree = "<group>"; };
		CF9A286729B5409B0042029A /* Info.plist */ = {isa = PBXFileReference; lastKnownFileType = text.plist.xml; path = Info.plist; sourceTree = "<group>"; };
		CF9A286E29B540E90042029A /* Movie.swift */ = {isa = PBXFileReference; lastKnownFileType = sourcecode.swift; path = Movie.swift; sourceTree = "<group>"; };
		CF9A287029B54D910042029A /* MovieViewController.swift */ = {isa = PBXFileReference; lastKnownFileType = sourcecode.swift; path = MovieViewController.swift; sourceTree = "<group>"; };
		CF9A287B29B555A80042029A /* ViewController.swift */ = {isa = PBXFileReference; lastKnownFileType = sourcecode.swift; path = ViewController.swift; sourceTree = "<group>"; };
		CF9A287E29B58B9D0042029A /* Nuke */ = {isa = PBXFileReference; lastKnownFileType = wrapper; name = Nuke; path = MovieReview/Nuke; sourceTree = "<group>"; };
		CF9A288429B59CA00042029A /* MovieCell.swift */ = {isa = PBXFileReference; lastKnownFileType = sourcecode.swift; path = MovieCell.swift; sourceTree = "<group>"; };
		CF9D92D929B5B0A200E1ACAB /* MovieReview.app */ = {isa = PBXFileReference; explicitFileType = wrapper.application; includeInIndex = 0; path = MovieReview.app; sourceTree = BUILT_PRODUCTS_DIR; };
/* End PBXFileReference section */

/* Begin PBXFrameworksBuildPhase section */
		CF9A285329B5409A0042029A /* Frameworks */ = {
			isa = PBXFrameworksBuildPhase;
			buildActionMask = 2147483647;
			files = (
				CF9A288329B58E5F0042029A /* Nuke in Frameworks */,
			);
			runOnlyForDeploymentPostprocessing = 0;
		};
/* End PBXFrameworksBuildPhase section */

/* Begin PBXGroup section */
		CF9A284D29B5409A0042029A = {
			isa = PBXGroup;
			children = (
				CF9A285829B5409A0042029A /* MovieReview */,
				CF9A288129B58E5F0042029A /* Frameworks */,
			);
			sourceTree = "<group>";
		};
		CF9A285829B5409A0042029A /* MovieReview */ = {
			isa = PBXGroup;
			children = (
				CF9A286D29B540D60042029A /* Models */,
				CF9A285929B5409A0042029A /* AppDelegate.swift */,
				CF9A287029B54D910042029A /* MovieViewController.swift */,
				CF8F075C29C0304F003E89F0 /* MoviesViewController.swift */,
				CF9A287B29B555A80042029A /* ViewController.swift */,
				CF9A288429B59CA00042029A /* MovieCell.swift */,
				CF9A285B29B5409A0042029A /* SceneDelegate.swift */,
				CF8F076029C0385F003E89F0 /* PosterCell.swift */,
				CF9A285F29B5409A0042029A /* Main.storyboard */,
				CF9A286229B5409B0042029A /* Assets.xcassets */,
				CF9D92D929B5B0A200E1ACAB /* MovieReview.app */,
				CF9A286429B5409B0042029A /* LaunchScreen.storyboard */,
				CF9A286729B5409B0042029A /* Info.plist */,
				CF9A287D29B58B9D0042029A /* Packages */,
			);
			path = MovieReview;
			sourceTree = "<group>";
		};
		CF9A286D29B540D60042029A /* Models */ = {
			isa = PBXGroup;
			children = (
				CF9A286E29B540E90042029A /* Movie.swift */,
				CF8F075E29C03232003E89F0 /* Poster.swift */,
			);
			path = Models;
			sourceTree = "<group>";
		};
		CF9A287D29B58B9D0042029A /* Packages */ = {
			isa = PBXGroup;
			children = (
				CF9A287E29B58B9D0042029A /* Nuke */,
			);
			name = Packages;
			path = ..;
			sourceTree = "<group>";
		};
		CF9A288129B58E5F0042029A /* Frameworks */ = {
			isa = PBXGroup;
			children = (
			);
			name = Frameworks;
			sourceTree = "<group>";
		};
/* End PBXGroup section */

/* Begin PBXNativeTarget section */
		CF9A285529B5409A0042029A /* MovieReview */ = {
			isa = PBXNativeTarget;
			buildConfigurationList = CF9A286A29B5409B0042029A /* Build configuration list for PBXNativeTarget "MovieReview" */;
			buildPhases = (
				CF9A285229B5409A0042029A /* Sources */,
				CF9A285329B5409A0042029A /* Frameworks */,
				CF9A285429B5409A0042029A /* Resources */,
			);
			buildRules = (
			);
			dependencies = (
			);
			name = MovieReview;
			packageProductDependencies = (
				CF9A288229B58E5F0042029A /* Nuke */,
			);
			productName = MovieReview;
			productReference = CF9D92D929B5B0A200E1ACAB /* MovieReview.app */;
			productType = "com.apple.product-type.application";
		};
/* End PBXNativeTarget section */

/* Begin PBXProject section */
		CF9A284E29B5409A0042029A /* Project object */ = {
			isa = PBXProject;
			attributes = {
				BuildIndependentTargetsInParallel = 1;
				LastSwiftUpdateCheck = 1420;
				LastUpgradeCheck = 1420;
				TargetAttributes = {
					CF9A285529B5409A0042029A = {
						CreatedOnToolsVersion = 14.2;
					};
				};
			};
			buildConfigurationList = CF9A285129B5409A0042029A /* Build configuration list for PBXProject "MovieReview" */;
			compatibilityVersion = "Xcode 14.0";
			developmentRegion = en;
			hasScannedForEncodings = 0;
			knownRegions = (
				en,
				Base,
			);
			mainGroup = CF9A284D29B5409A0042029A;
			packageReferences = (
				CF9A287429B54EB30042029A /* XCRemoteSwiftPackageReference "Nuke" */,
			);
			productRefGroup = CF9A284D29B5409A0042029A;
			projectDirPath = "";
			projectRoot = "";
			targets = (
				CF9A285529B5409A0042029A /* MovieReview */,
			);
		};
/* End PBXProject section */

/* Begin PBXResourcesBuildPhase section */
		CF9A285429B5409A0042029A /* Resources */ = {
			isa = PBXResourcesBuildPhase;
			buildActionMask = 2147483647;
			files = (
				CF9A286629B5409B0042029A /* LaunchScreen.storyboard in Resources */,
				CF9A286329B5409B0042029A /* Assets.xcassets in Resources */,
				CF9A286129B5409A0042029A /* Main.storyboard in Resources */,
			);
			runOnlyForDeploymentPostprocessing = 0;
		};
/* End PBXResourcesBuildPhase section */

/* Begin PBXSourcesBuildPhase section */
		CF9A285229B5409A0042029A /* Sources */ = {
			isa = PBXSourcesBuildPhase;
			buildActionMask = 2147483647;
			files = (
				CF9A287129B54D910042029A /* MovieViewController.swift in Sources */,
				CF9A285A29B5409A0042029A /* AppDelegate.swift in Sources */,
				CF8F076129C0385F003E89F0 /* PosterCell.swift in Sources */,
				CF9A288529B59CA00042029A /* MovieCell.swift in Sources */,
				CF9A287C29B555A80042029A /* ViewController.swift in Sources */,
				CF8F075F29C03232003E89F0 /* Poster.swift in Sources */,
				CF9A286F29B540E90042029A /* Movie.swift in Sources */,
				CF8F075D29C0304F003E89F0 /* MoviesViewController.swift in Sources */,
				CF9A285C29B5409A0042029A /* SceneDelegate.swift in Sources */,
			);
			runOnlyForDeploymentPostprocessing = 0;
		};
/* End PBXSourcesBuildPhase section */

/* Begin PBXVariantGroup section */
		CF9A285F29B5409A0042029A /* Main.storyboard */ = {
			isa = PBXVariantGroup;
			children = (
				CF9A286029B5409A0042029A /* Base */,
			);
			name = Main.storyboard;
			sourceTree = "<group>";
		};
		CF9A286429B5409B0042029A /* LaunchScreen.storyboard */ = {
			isa = PBXVariantGroup;
			children = (
				CF9A286529B5409B0042029A /* Base */,
			);
			name = LaunchScreen.storyboard;
			sourceTree = "<group>";
		};
/* End PBXVariantGroup section */

/* Begin XCBuildConfiguration section */
		CF9A286829B5409B0042029A /* Debug */ = {
			isa = XCBuildConfiguration;
			buildSettings = {
				ALWAYS_SEARCH_USER_PATHS = NO;
				CLANG_ANALYZER_NONNULL = YES;
				CLANG_ANALYZER_NUMBER_OBJECT_CONVERSION = YES_AGGRESSIVE;
				CLANG_CXX_LANGUAGE_STANDARD = "gnu++20";
				CLANG_ENABLE_MODULES = YES;
				CLANG_ENABLE_OBJC_ARC = YES;
				CLANG_ENABLE_OBJC_WEAK = YES;
				CLANG_WARN_BLOCK_CAPTURE_AUTORELEASING = YES;
				CLANG_WARN_BOOL_CONVERSION = YES;
				CLANG_WARN_COMMA = YES;
				CLANG_WARN_CONSTANT_CONVERSION = YES;
				CLANG_WARN_DEPRECATED_OBJC_IMPLEMENTATIONS = YES;
				CLANG_WARN_DIRECT_OBJC_ISA_USAGE = YES_ERROR;
				CLANG_WARN_DOCUMENTATION_COMMENTS = YES;
				CLANG_WARN_EMPTY_BODY = YES;
				CLANG_WARN_ENUM_CONVERSION = YES;
				CLANG_WARN_INFINITE_RECURSION = YES;
				CLANG_WARN_INT_CONVERSION = YES;
				CLANG_WARN_NON_LITERAL_NULL_CONVERSION = YES;
				CLANG_WARN_OBJC_IMPLICIT_RETAIN_SELF = YES;
				CLANG_WARN_OBJC_LITERAL_CONVERSION = YES;
				CLANG_WARN_OBJC_ROOT_CLASS = YES_ERROR;
				CLANG_WARN_QUOTED_INCLUDE_IN_FRAMEWORK_HEADER = YES;
				CLANG_WARN_RANGE_LOOP_ANALYSIS = YES;
				CLANG_WARN_STRICT_PROTOTYPES = YES;
				CLANG_WARN_SUSPICIOUS_MOVE = YES;
				CLANG_WARN_UNGUARDED_AVAILABILITY = YES_AGGRESSIVE;
				CLANG_WARN_UNREACHABLE_CODE = YES;
				CLANG_WARN__DUPLICATE_METHOD_MATCH = YES;
				COPY_PHASE_STRIP = NO;
				DEBUG_INFORMATION_FORMAT = dwarf;
				ENABLE_STRICT_OBJC_MSGSEND = YES;
				ENABLE_TESTABILITY = YES;
				GCC_C_LANGUAGE_STANDARD = gnu11;
				GCC_DYNAMIC_NO_PIC = NO;
				GCC_NO_COMMON_BLOCKS = YES;
				GCC_OPTIMIZATION_LEVEL = 0;
				GCC_PREPROCESSOR_DEFINITIONS = (
					"DEBUG=1",
					"$(inherited)",
				);
				GCC_WARN_64_TO_32_BIT_CONVERSION = YES;
				GCC_WARN_ABOUT_RETURN_TYPE = YES_ERROR;
				GCC_WARN_UNDECLARED_SELECTOR = YES;
				GCC_WARN_UNINITIALIZED_AUTOS = YES_AGGRESSIVE;
				GCC_WARN_UNUSED_FUNCTION = YES;
				GCC_WARN_UNUSED_VARIABLE = YES;
				IPHONEOS_DEPLOYMENT_TARGET = 16.2;
				MTL_ENABLE_DEBUG_INFO = INCLUDE_SOURCE;
				MTL_FAST_MATH = YES;
				ONLY_ACTIVE_ARCH = YES;
				SDKROOT = iphoneos;
				SWIFT_ACTIVE_COMPILATION_CONDITIONS = DEBUG;
				SWIFT_OPTIMIZATION_LEVEL = "-Onone";
			};
			name = Debug;
		};
		CF9A286929B5409B0042029A /* Release */ = {
			isa = XCBuildConfiguration;
			buildSettings = {
				ALWAYS_SEARCH_USER_PATHS = NO;
				CLANG_ANALYZER_NONNULL = YES;
				CLANG_ANALYZER_NUMBER_OBJECT_CONVERSION = YES_AGGRESSIVE;
				CLANG_CXX_LANGUAGE_STANDARD = "gnu++20";
				CLANG_ENABLE_MODULES = YES;
				CLANG_ENABLE_OBJC_ARC = YES;
				CLANG_ENABLE_OBJC_WEAK = YES;
				CLANG_WARN_BLOCK_CAPTURE_AUTORELEASING = YES;
				CLANG_WARN_BOOL_CONVERSION = YES;
				CLANG_WARN_COMMA = YES;
				CLANG_WARN_CONSTANT_CONVERSION = YES;
				CLANG_WARN_DEPRECATED_OBJC_IMPLEMENTATIONS = YES;
				CLANG_WARN_DIRECT_OBJC_ISA_USAGE = YES_ERROR;
				CLANG_WARN_DOCUMENTATION_COMMENTS = YES;
				CLANG_WARN_EMPTY_BODY = YES;
				CLANG_WARN_ENUM_CONVERSION = YES;
				CLANG_WARN_INFINITE_RECURSION = YES;
				CLANG_WARN_INT_CONVERSION = YES;
				CLANG_WARN_NON_LITERAL_NULL_CONVERSION = YES;
				CLANG_WARN_OBJC_IMPLICIT_RETAIN_SELF = YES;
				CLANG_WARN_OBJC_LITERAL_CONVERSION = YES;
				CLANG_WARN_OBJC_ROOT_CLASS = YES_ERROR;
				CLANG_WARN_QUOTED_INCLUDE_IN_FRAMEWORK_HEADER = YES;
				CLANG_WARN_RANGE_LOOP_ANALYSIS = YES;
				CLANG_WARN_STRICT_PROTOTYPES = YES;
				CLANG_WARN_SUSPICIOUS_MOVE = YES;
				CLANG_WARN_UNGUARDED_AVAILABILITY = YES_AGGRESSIVE;
				CLANG_WARN_UNREACHABLE_CODE = YES;
				CLANG_WARN__DUPLICATE_METHOD_MATCH = YES;
				COPY_PHASE_STRIP = NO;
				DEBUG_INFORMATION_FORMAT = "dwarf-with-dsym";
				ENABLE_NS_ASSERTIONS = NO;
				ENABLE_STRICT_OBJC_MSGSEND = YES;
				GCC_C_LANGUAGE_STANDARD = gnu11;
				GCC_NO_COMMON_BLOCKS = YES;
				GCC_WARN_64_TO_32_BIT_CONVERSION = YES;
				GCC_WARN_ABOUT_RETURN_TYPE = YES_ERROR;
				GCC_WARN_UNDECLARED_SELECTOR = YES;
				GCC_WARN_UNINITIALIZED_AUTOS = YES_AGGRESSIVE;
				GCC_WARN_UNUSED_FUNCTION = YES;
				GCC_WARN_UNUSED_VARIABLE = YES;
				IPHONEOS_DEPLOYMENT_TARGET = 16.2;
				MTL_ENABLE_DEBUG_INFO = NO;
				MTL_FAST_MATH = YES;
				SDKROOT = iphoneos;
				SWIFT_COMPILATION_MODE = wholemodule;
				SWIFT_OPTIMIZATION_LEVEL = "-O";
				VALIDATE_PRODUCT = YES;
			};
			name = Release;
		};
		CF9A286B29B5409B0042029A /* Debug */ = {
			isa = XCBuildConfiguration;
			buildSettings = {
				ASSETCATALOG_COMPILER_APPICON_NAME = AppIcon;
				ASSETCATALOG_COMPILER_GLOBAL_ACCENT_COLOR_NAME = AccentColor;
				CODE_SIGN_STYLE = Automatic;
				CURRENT_PROJECT_VERSION = 1;
				DEVELOPMENT_TEAM = J2UGHMM8XX;
				GENERATE_INFOPLIST_FILE = YES;
				INFOPLIST_FILE = MovieReview/Info.plist;
				INFOPLIST_KEY_UIApplicationSupportsIndirectInputEvents = YES;
				INFOPLIST_KEY_UILaunchStoryboardName = LaunchScreen;
				INFOPLIST_KEY_UIMainStoryboardFile = Main;
				INFOPLIST_KEY_UISupportedInterfaceOrientations_iPad = "UIInterfaceOrientationPortrait UIInterfaceOrientationPortraitUpsideDown UIInterfaceOrientationLandscapeLeft UIInterfaceOrientationLandscapeRight";
				INFOPLIST_KEY_UISupportedInterfaceOrientations_iPhone = "UIInterfaceOrientationPortrait UIInterfaceOrientationLandscapeLeft UIInterfaceOrientationLandscapeRight";
				LD_RUNPATH_SEARCH_PATHS = (
					"$(inherited)",
					"@executable_path/Frameworks",
				);
				MARKETING_VERSION = 1.0;
				PRODUCT_BUNDLE_IDENTIFIER = "Currently-NA.MovieReview";
				PRODUCT_NAME = "$(TARGET_NAME)";
				SWIFT_EMIT_LOC_STRINGS = YES;
				SWIFT_VERSION = 5.0;
				TARGETED_DEVICE_FAMILY = "1,2";
			};
			name = Debug;
		};
		CF9A286C29B5409B0042029A /* Release */ = {
			isa = XCBuildConfiguration;
			buildSettings = {
				ASSETCATALOG_COMPILER_APPICON_NAME = AppIcon;
				ASSETCATALOG_COMPILER_GLOBAL_ACCENT_COLOR_NAME = AccentColor;
				CODE_SIGN_STYLE = Automatic;
				CURRENT_PROJECT_VERSION = 1;
				DEVELOPMENT_TEAM = J2UGHMM8XX;
				GENERATE_INFOPLIST_FILE = YES;
				INFOPLIST_FILE = MovieReview/Info.plist;
				INFOPLIST_KEY_UIApplicationSupportsIndirectInputEvents = YES;
				INFOPLIST_KEY_UILaunchStoryboardName = LaunchScreen;
				INFOPLIST_KEY_UIMainStoryboardFile = Main;
				INFOPLIST_KEY_UISupportedInterfaceOrientations_iPad = "UIInterfaceOrientationPortrait UIInterfaceOrientationPortraitUpsideDown UIInterfaceOrientationLandscapeLeft UIInterfaceOrientationLandscapeRight";
				INFOPLIST_KEY_UISupportedInterfaceOrientations_iPhone = "UIInterfaceOrientationPortrait UIInterfaceOrientationLandscapeLeft UIInterfaceOrientationLandscapeRight";
				LD_RUNPATH_SEARCH_PATHS = (
					"$(inherited)",
					"@executable_path/Frameworks",
				);
				MARKETING_VERSION = 1.0;
				PRODUCT_BUNDLE_IDENTIFIER = "Currently-NA.MovieReview";
				PRODUCT_NAME = "$(TARGET_NAME)";
				SWIFT_EMIT_LOC_STRINGS = YES;
				SWIFT_VERSION = 5.0;
				TARGETED_DEVICE_FAMILY = "1,2";
			};
			name = Release;
		};
/* End XCBuildConfiguration section */

/* Begin XCConfigurationList section */
		CF9A285129B5409A0042029A /* Build configuration list for PBXProject "MovieReview" */ = {
			isa = XCConfigurationList;
			buildConfigurations = (
				CF9A286829B5409B0042029A /* Debug */,
				CF9A286929B5409B0042029A /* Release */,
			);
			defaultConfigurationIsVisible = 0;
			defaultConfigurationName = Release;
		};
		CF9A286A29B5409B0042029A /* Build configuration list for PBXNativeTarget "MovieReview" */ = {
			isa = XCConfigurationList;
			buildConfigurations = (
				CF9A286B29B5409B0042029A /* Debug */,
				CF9A286C29B5409B0042029A /* Release */,
			);
			defaultConfigurationIsVisible = 0;
			defaultConfigurationName = Release;
		};
/* End XCConfigurationList section */

/* Begin XCRemoteSwiftPackageReference section */
		CF9A287429B54EB30042029A /* XCRemoteSwiftPackageReference "Nuke" */ = {
			isa = XCRemoteSwiftPackageReference;
			repositoryURL = "https://github.com/kean/Nuke.git";
			requirement = {
				branch = main;
				kind = branch;
			};
		};
/* End XCRemoteSwiftPackageReference section */

/* Begin XCSwiftPackageProductDependency section */
		CF9A288229B58E5F0042029A /* Nuke */ = {
			isa = XCSwiftPackageProductDependency;
			productName = Nuke;
		};
/* End XCSwiftPackageProductDependency section */
	};
	rootObject = CF9A284E29B5409A0042029A /* Project object */;
}
